// !$*UTF8*$!
{
	archiveVersion = 1;
	classes = {
	};
	objectVersion = 77;
	objects = {

/* Begin PBXBuildFile section */
		393264D042F67E113A654DF0 /* HeartWatchModels.swift in Sources */ = {isa = PBXBuildFile; fileRef = E7E0B6607E149023443A8A96 /* HeartWatchModels.swift */; };
		7A2715953A014CDF8418D3B8 /* iPhoneHeartRateBridgeView.swift in Sources */ = {isa = PBXBuildFile; fileRef = BA48C68B662115D7EE7D2613 /* iPhoneHeartRateBridgeView.swift */; };
		A4983ECF2EC6A38BF089540B /* iPhoneHeartRateBridgeApp.swift in Sources */ = {isa = PBXBuildFile; fileRef = EED5FF21770DF71DB7DEFF6D /* iPhoneHeartRateBridgeApp.swift */; };
		D0F44B98A3421C158D93BD8D /* HeartWatchAPIClient.swift in Sources */ = {isa = PBXBuildFile; fileRef = 5814B220C44D102B671FDBFF /* HeartWatchAPIClient.swift */; };
		D2E38543F8C489429C6B9789 /* iPhoneHealthKitHeartRateReader.swift in Sources */ = {isa = PBXBuildFile; fileRef = E91472B727720650A11C4324 /* iPhoneHealthKitHeartRateReader.swift */; };
/* End PBXBuildFile section */

/* Begin PBXFileReference section */
		5814B220C44D102B671FDBFF /* HeartWatchAPIClient.swift */ = {isa = PBXFileReference; lastKnownFileType = sourcecode.swift; path = HeartWatchAPIClient.swift; sourceTree = "<group>"; };
		73C9702765BBD6FF5958E973 /* HeartWatchDemo.app */ = {isa = PBXFileReference; includeInIndex = 0; lastKnownFileType = wrapper.application; path = HeartWatchDemo.app; sourceTree = BUILT_PRODUCTS_DIR; };
		BA48C68B662115D7EE7D2613 /* iPhoneHeartRateBridgeView.swift */ = {isa = PBXFileReference; lastKnownFileType = sourcecode.swift; path = iPhoneHeartRateBridgeView.swift; sourceTree = "<group>"; };
		E7E0B6607E149023443A8A96 /* HeartWatchModels.swift */ = {isa = PBXFileReference; lastKnownFileType = sourcecode.swift; path = HeartWatchModels.swift; sourceTree = "<group>"; };
		E91472B727720650A11C4324 /* iPhoneHealthKitHeartRateReader.swift */ = {isa = PBXFileReference; lastKnownFileType = sourcecode.swift; path = iPhoneHealthKitHeartRateReader.swift; sourceTree = "<group>"; };
		EED5FF21770DF71DB7DEFF6D /* iPhoneHeartRateBridgeApp.swift */ = {isa = PBXFileReference; lastKnownFileType = sourcecode.swift; path = iPhoneHeartRateBridgeApp.swift; sourceTree = "<group>"; };
/* End PBXFileReference section */

/* Begin PBXGroup section */
		5432ADEB87ABD9F22B1CD983 /* apple-watch */ = {
			isa = PBXGroup;
			children = (
				5814B220C44D102B671FDBFF /* HeartWatchAPIClient.swift */,
				E7E0B6607E149023443A8A96 /* HeartWatchModels.swift */,
				E91472B727720650A11C4324 /* iPhoneHealthKitHeartRateReader.swift */,
				EED5FF21770DF71DB7DEFF6D /* iPhoneHeartRateBridgeApp.swift */,
				BA48C68B662115D7EE7D2613 /* iPhoneHeartRateBridgeView.swift */,
			);
			name = "apple-watch";
			path = "../../sensor/apple-watch";
			sourceTree = "<group>";
		};
		5D2CC29CCFB723527078453E = {
			isa = PBXGroup;
			children = (
				5432ADEB87ABD9F22B1CD983 /* apple-watch */,
				A450F08EBA9EAD6B6086EA49 /* Products */,
			);
			sourceTree = "<group>";
		};
		A450F08EBA9EAD6B6086EA49 /* Products */ = {
			isa = PBXGroup;
			children = (
				73C9702765BBD6FF5958E973 /* HeartWatchDemo.app */,
			);
			name = Products;
			sourceTree = "<group>";
		};
/* End PBXGroup section */

/* Begin PBXNativeTarget section */
		C6CD735AB7684FD8D8F61BC6 /* HeartWatchDemo */ = {
			isa = PBXNativeTarget;
			buildConfigurationList = A48224C6AFD41351DF69D59B /* Build configuration list for PBXNativeTarget "HeartWatchDemo" */;
			buildPhases = (
				29674A456CBFF831ED9B2984 /* Sources */,
			);
			buildRules = (
			);
			dependencies = (
			);
			name = HeartWatchDemo;
			packageProductDependencies = (
			);
			productName = HeartWatchDemo;
			productReference = 73C9702765BBD6FF5958E973 /* HeartWatchDemo.app */;
			productType = "com.apple.product-type.application";
		};
/* End PBXNativeTarget section */

/* Begin PBXProject section */
		B5AF76E03A2E4170B4CA5835 /* Project object */ = {
			isa = PBXProject;
			attributes = {
				BuildIndependentTargetsInParallel = YES;
				LastUpgradeCheck = 1430;
				TargetAttributes = {
					C6CD735AB7684FD8D8F61BC6 = {
						DevelopmentTeam = W9CMCJ9NYR;
						ProvisioningStyle = Automatic;
					};
				};
			};
			buildConfigurationList = 4395CDE21796F6DC1626E5BE /* Build configuration list for PBXProject "HeartWatchDemo" */;
			developmentRegion = en;
			hasScannedForEncodings = 0;
			knownRegions = (
				Base,
				en,
			);
			mainGroup = 5D2CC29CCFB723527078453E;
			minimizedProjectReferenceProxies = 1;
			preferredProjectObjectVersion = 77;
			productRefGroup = A450F08EBA9EAD6B6086EA49 /* Products */;
			projectDirPath = "";
			projectRoot = "";
			targets = (
				C6CD735AB7684FD8D8F61BC6 /* HeartWatchDemo */,
			);
		};
/* End PBXProject section */

/* Begin PBXSourcesBuildPhase section */
		29674A456CBFF831ED9B2984 /* Sources */ = {
			isa = PBXSourcesBuildPhase;
			buildActionMask = 2147483647;
			files = (
				D0F44B98A3421C158D93BD8D /* HeartWatchAPIClient.swift in Sources */,
				393264D042F67E113A654DF0 /* HeartWatchModels.swift in Sources */,
				D2E38543F8C489429C6B9789 /* iPhoneHealthKitHeartRateReader.swift in Sources */,
				A4983ECF2EC6A38BF089540B /* iPhoneHeartRateBridgeApp.swift in Sources */,
				7A2715953A014CDF8418D3B8 /* iPhoneHeartRateBridgeView.swift in Sources */,
			);
			runOnlyForDeploymentPostprocessing = 0;
		};
/* End PBXSourcesBuildPhase section */

/* Begin XCBuildConfiguration section */
		15E39A2BEB1DF671982E0806 /* Debug */ = {
			isa = XCBuildConfiguration;
			buildSettings = {
				ASSETCATALOG_COMPILER_APPICON_NAME = AppIcon;
				CODE_SIGN_ENTITLEMENTS = HeartWatchDemo/HeartWatchDemo.entitlements;
				CODE_SIGN_IDENTITY = "iPhone Developer";
				GENERATE_INFOPLIST_FILE = YES;
				INFOPLIST_KEY_CFBundleDisplayName = HeartWatch;
				INFOPLIST_KEY_NSAppTransportSecurity_NSAllowsArbitraryLoads = YES;
				INFOPLIST_KEY_NSHealthShareUsageDescription = "This demo reads Apple Health heart-rate samples synced from Apple Watch.";
				INFOPLIST_KEY_NSLocalNetworkUsageDescription = "This demo connects to the local SQLite API on the Mac.";
				INFOPLIST_KEY_UIApplicationSceneManifest_Generation = YES;
				INFOPLIST_KEY_UIApplicationSupportsIndirectInputEvents = YES;
				IPHONEOS_DEPLOYMENT_TARGET = 16.0;
				LD_RUNPATH_SEARCH_PATHS = (
					"$(inherited)",
					"@executable_path/Frameworks",
				);
				PRODUCT_BUNDLE_IDENTIFIER = com.jeffrey.HeartWatchDemo;
				PRODUCT_NAME = HeartWatchDemo;
				SDKROOT = iphoneos;
				SUPPORTS_MACCATALYST = NO;
				TARGETED_DEVICE_FAMILY = 1;
			};
			name = Debug;
		};
		40D605C63CE0A350ECC39EB8 /* Debug */ = {
			isa = XCBuildConfiguration;
			buildSettings = {
				ALWAYS_SEARCH_USER_PATHS = NO;
				CLANG_ANALYZER_NONNULL = YES;
				CLANG_ANALYZER_NUMBER_OBJECT_CONVERSION = YES_AGGRESSIVE;
				CLANG_CXX_LANGUAGE_STANDARD = "gnu++14";
				CLANG_CXX_LIBRARY = "libc++";
				CLANG_ENABLE_MODULES = YES;
				CLANG_ENABLE_OBJC_ARC = YES;
				CLANG_ENABLE_OBJC_WEAK = YES;
				CLANG_WARN_BLOCK_CAPTURE_AUTORELEASING = YES;
				CLANG_WARN_BOOL_CONVERSION = YES;
				CLANG_WARN_COMMA = YES;
				CLANG_WARN_CONSTANT_CONVERSION = YES;
				CLANG_WARN_DEPRECATED_OBJC_IMPLEMENTATIONS = YES;
				CLANG_WARN_DIRECT_OBJC_ISA_USAGE = YES_ERROR;
				CLANG_WARN_DOCUMENTATION_COMMENTS = YES;
				CLANG_WARN_EMPTY_BODY = YES;
				CLANG_WARN_ENUM_CONVERSION = YES;
				CLANG_WARN_INFINITE_RECURSION = YES;
				CLANG_WARN_INT_CONVERSION = YES;
				CLANG_WARN_NON_LITERAL_NULL_CONVERSION = YES;
				CLANG_WARN_OBJC_IMPLICIT_RETAIN_SELF = YES;
				CLANG_WARN_OBJC_LITERAL_CONVERSION = YES;
				CLANG_WARN_OBJC_ROOT_CLASS = YES_ERROR;
				CLANG_WARN_QUOTED_INCLUDE_IN_FRAMEWORK_HEADER = YES;
				CLANG_WARN_RANGE_LOOP_ANALYSIS = YES;
				CLANG_WARN_STRICT_PROTOTYPES = YES;
				CLANG_WARN_SUSPICIOUS_MOVE = YES;
				CLANG_WARN_UNGUARDED_AVAILABILITY = YES_AGGRESSIVE;
				CLANG_WARN_UNREACHABLE_CODE = YES;
				CLANG_WARN__DUPLICATE_METHOD_MATCH = YES;
				CODE_SIGN_STYLE = Automatic;
				COPY_PHASE_STRIP = NO;
				CURRENT_PROJECT_VERSION = 1;
				DEBUG_INFORMATION_FORMAT = dwarf;
				DEVELOPMENT_TEAM = W9CMCJ9NYR;
				ENABLE_STRICT_OBJC_MSGSEND = YES;
				ENABLE_TESTABILITY = YES;
				GCC_C_LANGUAGE_STANDARD = gnu11;
				GCC_DYNAMIC_NO_PIC = NO;
				GCC_NO_COMMON_BLOCKS = YES;
				GCC_OPTIMIZATION_LEVEL = 0;
				GCC_PREPROCESSOR_DEFINITIONS = (
					"$(inherited)",
					"DEBUG=1",
				);
				GCC_WARN_64_TO_32_BIT_CONVERSION = YES;
				GCC_WARN_ABOUT_RETURN_TYPE = YES_ERROR;
				GCC_WARN_UNDECLARED_SELECTOR = YES;
				GCC_WARN_UNINITIALIZED_AUTOS = YES_AGGRESSIVE;
				GCC_WARN_UNUSED_FUNCTION = YES;
				GCC_WARN_UNUSED_VARIABLE = YES;
				IPHONEOS_DEPLOYMENT_TARGET = 16.0;
				MARKETING_VERSION = 0.1;
				MTL_ENABLE_DEBUG_INFO = INCLUDE_SOURCE;
				MTL_FAST_MATH = YES;
				ONLY_ACTIVE_ARCH = YES;
				PRODUCT_NAME = "$(TARGET_NAME)";
				SDKROOT = iphoneos;
				SWIFT_ACTIVE_COMPILATION_CONDITIONS = DEBUG;
				SWIFT_OPTIMIZATION_LEVEL = "-Onone";
				SWIFT_VERSION = 5.0;
			};
			name = Debug;
		};
		6B8DF5F587A52D44E58C3E8B /* Release */ = {
			isa = XCBuildConfiguration;
			buildSettings = {
				ALWAYS_SEARCH_USER_PATHS = NO;
				CLANG_ANALYZER_NONNULL = YES;
				CLANG_ANALYZER_NUMBER_OBJECT_CONVERSION = YES_AGGRESSIVE;
				CLANG_CXX_LANGUAGE_STANDARD = "gnu++14";
				CLANG_CXX_LIBRARY = "libc++";
				CLANG_ENABLE_MODULES = YES;
				CLANG_ENABLE_OBJC_ARC = YES;
				CLANG_ENABLE_OBJC_WEAK = YES;
				CLANG_WARN_BLOCK_CAPTURE_AUTORELEASING = YES;
				CLANG_WARN_BOOL_CONVERSION = YES;
				CLANG_WARN_COMMA = YES;
				CLANG_WARN_CONSTANT_CONVERSION = YES;
				CLANG_WARN_DEPRECATED_OBJC_IMPLEMENTATIONS = YES;
				CLANG_WARN_DIRECT_OBJC_ISA_USAGE = YES_ERROR;
				CLANG_WARN_DOCUMENTATION_COMMENTS = YES;
				CLANG_WARN_EMPTY_BODY = YES;
				CLANG_WARN_ENUM_CONVERSION = YES;
				CLANG_WARN_INFINITE_RECURSION = YES;
				CLANG_WARN_INT_CONVERSION = YES;
				CLANG_WARN_NON_LITERAL_NULL_CONVERSION = YES;
				CLANG_WARN_OBJC_IMPLICIT_RETAIN_SELF = YES;
				CLANG_WARN_OBJC_LITERAL_CONVERSION = YES;
				CLANG_WARN_OBJC_ROOT_CLASS = YES_ERROR;
				CLANG_WARN_QUOTED_INCLUDE_IN_FRAMEWORK_HEADER = YES;
				CLANG_WARN_RANGE_LOOP_ANALYSIS = YES;
				CLANG_WARN_STRICT_PROTOTYPES = YES;
				CLANG_WARN_SUSPICIOUS_MOVE = YES;
				CLANG_WARN_UNGUARDED_AVAILABILITY = YES_AGGRESSIVE;
				CLANG_WARN_UNREACHABLE_CODE = YES;
				CLANG_WARN__DUPLICATE_METHOD_MATCH = YES;
				CODE_SIGN_STYLE = Automatic;
				COPY_PHASE_STRIP = NO;
				CURRENT_PROJECT_VERSION = 1;
				DEBUG_INFORMATION_FORMAT = "dwarf-with-dsym";
				DEVELOPMENT_TEAM = W9CMCJ9NYR;
				ENABLE_NS_ASSERTIONS = NO;
				ENABLE_STRICT_OBJC_MSGSEND = YES;
				GCC_C_LANGUAGE_STANDARD = gnu11;
				GCC_NO_COMMON_BLOCKS = YES;
				GCC_WARN_64_TO_32_BIT_CONVERSION = YES;
				GCC_WARN_ABOUT_RETURN_TYPE = YES_ERROR;
				GCC_WARN_UNDECLARED_SELECTOR = YES;
				GCC_WARN_UNINITIALIZED_AUTOS = YES_AGGRESSIVE;
				GCC_WARN_UNUSED_FUNCTION = YES;
				GCC_WARN_UNUSED_VARIABLE = YES;
				IPHONEOS_DEPLOYMENT_TARGET = 16.0;
				MARKETING_VERSION = 0.1;
				MTL_ENABLE_DEBUG_INFO = NO;
				MTL_FAST_MATH = YES;
				PRODUCT_NAME = "$(TARGET_NAME)";
				SDKROOT = iphoneos;
				SWIFT_COMPILATION_MODE = wholemodule;
				SWIFT_OPTIMIZATION_LEVEL = "-O";
				SWIFT_VERSION = 5.0;
			};
			name = Release;
		};
		7C3D8233952E5A49E30BC6E2 /* Release */ = {
			isa = XCBuildConfiguration;
			buildSettings = {
				ASSETCATALOG_COMPILER_APPICON_NAME = AppIcon;
				CODE_SIGN_ENTITLEMENTS = HeartWatchDemo/HeartWatchDemo.entitlements;
				CODE_SIGN_IDENTITY = "iPhone Developer";
				GENERATE_INFOPLIST_FILE = YES;
				INFOPLIST_KEY_CFBundleDisplayName = HeartWatch;
				INFOPLIST_KEY_NSAppTransportSecurity_NSAllowsArbitraryLoads = YES;
				INFOPLIST_KEY_NSHealthShareUsageDescription = "This demo reads Apple Health heart-rate samples synced from Apple Watch.";
				INFOPLIST_KEY_NSLocalNetworkUsageDescription = "This demo connects to the local SQLite API on the Mac.";
				INFOPLIST_KEY_UIApplicationSceneManifest_Generation = YES;
				INFOPLIST_KEY_UIApplicationSupportsIndirectInputEvents = YES;
				IPHONEOS_DEPLOYMENT_TARGET = 16.0;
				LD_RUNPATH_SEARCH_PATHS = (
					"$(inherited)",
					"@executable_path/Frameworks",
				);
				PRODUCT_BUNDLE_IDENTIFIER = com.jeffrey.HeartWatchDemo;
				PRODUCT_NAME = HeartWatchDemo;
				SDKROOT = iphoneos;
				SUPPORTS_MACCATALYST = NO;
				TARGETED_DEVICE_FAMILY = 1;
			};
			name = Release;
		};
/* End XCBuildConfiguration section */

/* Begin XCConfigurationList section */
		4395CDE21796F6DC1626E5BE /* Build configuration list for PBXProject "HeartWatchDemo" */ = {
			isa = XCConfigurationList;
			buildConfigurations = (
				40D605C63CE0A350ECC39EB8 /* Debug */,
				6B8DF5F587A52D44E58C3E8B /* Release */,
			);
			defaultConfigurationIsVisible = 0;
			defaultConfigurationName = Debug;
		};
		A48224C6AFD41351DF69D59B /* Build configuration list for PBXNativeTarget "HeartWatchDemo" */ = {
			isa = XCConfigurationList;
			buildConfigurations = (
				15E39A2BEB1DF671982E0806 /* Debug */,
				7C3D8233952E5A49E30BC6E2 /* Release */,
			);
			defaultConfigurationIsVisible = 0;
			defaultConfigurationName = Debug;
		};
/* End XCConfigurationList section */
	};
	rootObject = B5AF76E03A2E4170B4CA5835 /* Project object */;
}
