// !$*UTF8*$!
{
	archiveVersion = 1;
	classes = {
	};
	objectVersion = 77;
	objects = {

/* Begin PBXBuildFile section */
		1C14D62D409F117541C343FD /* WatchHeartRateManager.swift in Sources */ = {isa = PBXBuildFile; fileRef = DC0A8281413F49095340AD62 /* WatchHeartRateManager.swift */; };
		393264D042F67E113A654DF0 /* HeartWatchModels.swift in Sources */ = {isa = PBXBuildFile; fileRef = E7E0B6607E149023443A8A96 /* HeartWatchModels.swift */; };
		4D31D96A323B0FE196075435 /* WatchHeartRateApp.swift in Sources */ = {isa = PBXBuildFile; fileRef = 8EDA01E7A2E694BFDADF528F /* WatchHeartRateApp.swift */; };
		7A2715953A014CDF8418D3B8 /* iPhoneHeartRateBridgeView.swift in Sources */ = {isa = PBXBuildFile; fileRef = BA48C68B662115D7EE7D2613 /* iPhoneHeartRateBridgeView.swift */; };
		83BA0DB2FD4AD04C33E7F138 /* iPhoneWatchConnectivityBridge.swift in Sources */ = {isa = PBXBuildFile; fileRef = 5A97A3830D436EED02992005 /* iPhoneWatchConnectivityBridge.swift */; };
		8C1B1DA9D20DE9FAA341220C /* WatchHeartRateView.swift in Sources */ = {isa = PBXBuildFile; fileRef = A88DEC5D5D904E8A69DE5647 /* WatchHeartRateView.swift */; };
		9A1EE9141145F25334B025A5 /* HeartWatchDemoWatchApp.app in Embed Watch Content */ = {isa = PBXBuildFile; fileRef = 79D1FEE07E996DAB7C5579A3 /* HeartWatchDemoWatchApp.app */; settings = {ATTRIBUTES = (RemoveHeadersOnCopy, ); }; };
		A4983ECF2EC6A38BF089540B /* iPhoneHeartRateBridgeApp.swift in Sources */ = {isa = PBXBuildFile; fileRef = EED5FF21770DF71DB7DEFF6D /* iPhoneHeartRateBridgeApp.swift */; };
		D0F44B98A3421C158D93BD8D /* HeartWatchAPIClient.swift in Sources */ = {isa = PBXBuildFile; fileRef = 5814B220C44D102B671FDBFF /* HeartWatchAPIClient.swift */; };
/* End PBXBuildFile section */

/* Begin PBXContainerItemProxy section */
		79ABE80E0EBC404517968345 /* PBXContainerItemProxy */ = {
			isa = PBXContainerItemProxy;
			containerPortal = B5AF76E03A2E4170B4CA5835 /* Project object */;
			proxyType = 1;
			remoteGlobalIDString = 85ACDB3D4F6921B4B01BDDD1;
			remoteInfo = HeartWatchDemoWatchApp;
		};
/* End PBXContainerItemProxy section */

/* Begin PBXCopyFilesBuildPhase section */
		61C64ED119AF26870C4406FF /* Embed Watch Content */ = {
			isa = PBXCopyFilesBuildPhase;
			buildActionMask = 2147483647;
			dstPath = "$(CONTENTS_FOLDER_PATH)/Watch";
			dstSubfolderSpec = 16;
			files = (
				9A1EE9141145F25334B025A5 /* HeartWatchDemoWatchApp.app in Embed Watch Content */,
			);
			name = "Embed Watch Content";
			runOnlyForDeploymentPostprocessing = 0;
		};
/* End PBXCopyFilesBuildPhase section */

/* Begin PBXFileReference section */
		5814B220C44D102B671FDBFF /* HeartWatchAPIClient.swift */ = {isa = PBXFileReference; lastKnownFileType = sourcecode.swift; path = HeartWatchAPIClient.swift; sourceTree = "<group>"; };
		5A97A3830D436EED02992005 /* iPhoneWatchConnectivityBridge.swift */ = {isa = PBXFileReference; lastKnownFileType = sourcecode.swift; path = iPhoneWatchConnectivityBridge.swift; sourceTree = "<group>"; };
		73C9702765BBD6FF5958E973 /* HeartWatchDemo.app */ = {isa = PBXFileReference; includeInIndex = 0; lastKnownFileType = wrapper.application; path = HeartWatchDemo.app; sourceTree = BUILT_PRODUCTS_DIR; };
		79D1FEE07E996DAB7C5579A3 /* HeartWatchDemoWatchApp.app */ = {isa = PBXFileReference; explicitFileType = wrapper.application; includeInIndex = 0; path = HeartWatchDemoWatchApp.app; sourceTree = BUILT_PRODUCTS_DIR; };
		8EDA01E7A2E694BFDADF528F /* WatchHeartRateApp.swift */ = {isa = PBXFileReference; lastKnownFileType = sourcecode.swift; path = WatchHeartRateApp.swift; sourceTree = "<group>"; };
		A88DEC5D5D904E8A69DE5647 /* WatchHeartRateView.swift */ = {isa = PBXFileReference; lastKnownFileType = sourcecode.swift; path = WatchHeartRateView.swift; sourceTree = "<group>"; };
		BA48C68B662115D7EE7D2613 /* iPhoneHeartRateBridgeView.swift */ = {isa = PBXFileReference; lastKnownFileType = sourcecode.swift; path = iPhoneHeartRateBridgeView.swift; sourceTree = "<group>"; };
		DC0A8281413F49095340AD62 /* WatchHeartRateManager.swift */ = {isa = PBXFileReference; lastKnownFileType = sourcecode.swift; path = WatchHeartRateManager.swift; sourceTree = "<group>"; };
		E7E0B6607E149023443A8A96 /* HeartWatchModels.swift */ = {isa = PBXFileReference; lastKnownFileType = sourcecode.swift; path = HeartWatchModels.swift; sourceTree = "<group>"; };
		EED5FF21770DF71DB7DEFF6D /* iPhoneHeartRateBridgeApp.swift */ = {isa = PBXFileReference; lastKnownFileType = sourcecode.swift; path = iPhoneHeartRateBridgeApp.swift; sourceTree = "<group>"; };
/* End PBXFileReference section */

/* Begin PBXGroup section */
		5432ADEB87ABD9F22B1CD983 /* apple-watch */ = {
			isa = PBXGroup;
			children = (
				5814B220C44D102B671FDBFF /* HeartWatchAPIClient.swift */,
				E7E0B6607E149023443A8A96 /* HeartWatchModels.swift */,
				EED5FF21770DF71DB7DEFF6D /* iPhoneHeartRateBridgeApp.swift */,
				BA48C68B662115D7EE7D2613 /* iPhoneHeartRateBridgeView.swift */,
				5A97A3830D436EED02992005 /* iPhoneWatchConnectivityBridge.swift */,
				8EDA01E7A2E694BFDADF528F /* WatchHeartRateApp.swift */,
				DC0A8281413F49095340AD62 /* WatchHeartRateManager.swift */,
				A88DEC5D5D904E8A69DE5647 /* WatchHeartRateView.swift */,
			);
			name = "apple-watch";
			path = "../../sensor/apple-watch";
			sourceTree = "<group>";
		};
		5D2CC29CCFB723527078453E = {
			isa = PBXGroup;
			children = (
				5432ADEB87ABD9F22B1CD983 /* apple-watch */,
				A450F08EBA9EAD6B6086EA49 /* Products */,
			);
			sourceTree = "<group>";
		};
		A450F08EBA9EAD6B6086EA49 /* Products */ = {
			isa = PBXGroup;
			children = (
				73C9702765BBD6FF5958E973 /* HeartWatchDemo.app */,
				79D1FEE07E996DAB7C5579A3 /* HeartWatchDemoWatchApp.app */,
			);
			name = Products;
			sourceTree = "<group>";
		};
/* End PBXGroup section */

/* Begin PBXNativeTarget section */
		85ACDB3D4F6921B4B01BDDD1 /* HeartWatchDemoWatchApp */ = {
			isa = PBXNativeTarget;
			buildConfigurationList = F35D14961A3CA960C0CB09FB /* Build configuration list for PBXNativeTarget "HeartWatchDemoWatchApp" */;
			buildPhases = (
				3C6830465ED329EFC1AF999B /* Sources */,
			);
			buildRules = (
			);
			dependencies = (
			);
			name = HeartWatchDemoWatchApp;
			packageProductDependencies = (
			);
			productName = HeartWatchDemoWatchApp;
			productReference = 79D1FEE07E996DAB7C5579A3 /* HeartWatchDemoWatchApp.app */;
			productType = "com.apple.product-type.application";
		};
		C6CD735AB7684FD8D8F61BC6 /* HeartWatchDemo */ = {
			isa = PBXNativeTarget;
			buildConfigurationList = A48224C6AFD41351DF69D59B /* Build configuration list for PBXNativeTarget "HeartWatchDemo" */;
			buildPhases = (
				29674A456CBFF831ED9B2984 /* Sources */,
				61C64ED119AF26870C4406FF /* Embed Watch Content */,
			);
			buildRules = (
			);
			dependencies = (
				17BF17D33EB8CF564BBC5913 /* PBXTargetDependency */,
			);
			name = HeartWatchDemo;
			packageProductDependencies = (
			);
			productName = HeartWatchDemo;
			productReference = 73C9702765BBD6FF5958E973 /* HeartWatchDemo.app */;
			productType = "com.apple.product-type.application";
		};
/* End PBXNativeTarget section */

/* Begin PBXProject section */
		B5AF76E03A2E4170B4CA5835 /* Project object */ = {
			isa = PBXProject;
			attributes = {
				BuildIndependentTargetsInParallel = YES;
				LastUpgradeCheck = 1430;
				TargetAttributes = {
					85ACDB3D4F6921B4B01BDDD1 = {
						DevelopmentTeam = W9CMCJ9NYR;
						ProvisioningStyle = Automatic;
					};
					C6CD735AB7684FD8D8F61BC6 = {
						DevelopmentTeam = W9CMCJ9NYR;
						ProvisioningStyle = Automatic;
					};
				};
			};
			buildConfigurationList = 4395CDE21796F6DC1626E5BE /* Build configuration list for PBXProject "HeartWatchDemo" */;
			developmentRegion = en;
			hasScannedForEncodings = 0;
			knownRegions = (
				Base,
				en,
			);
			mainGroup = 5D2CC29CCFB723527078453E;
			minimizedProjectReferenceProxies = 1;
			preferredProjectObjectVersion = 77;
			productRefGroup = A450F08EBA9EAD6B6086EA49 /* Products */;
			projectDirPath = "";
			projectRoot = "";
			targets = (
				C6CD735AB7684FD8D8F61BC6 /* HeartWatchDemo */,
				85ACDB3D4F6921B4B01BDDD1 /* HeartWatchDemoWatchApp */,
			);
		};
/* End PBXProject section */

/* Begin PBXSourcesBuildPhase section */
		29674A456CBFF831ED9B2984 /* Sources */ = {
			isa = PBXSourcesBuildPhase;
			buildActionMask = 2147483647;
			files = (
				D0F44B98A3421C158D93BD8D /* HeartWatchAPIClient.swift in Sources */,
				393264D042F67E113A654DF0 /* HeartWatchModels.swift in Sources */,
				A4983ECF2EC6A38BF089540B /* iPhoneHeartRateBridgeApp.swift in Sources */,
				7A2715953A014CDF8418D3B8 /* iPhoneHeartRateBridgeView.swift in Sources */,
				83BA0DB2FD4AD04C33E7F138 /* iPhoneWatchConnectivityBridge.swift in Sources */,
			);
			runOnlyForDeploymentPostprocessing = 0;
		};
		3C6830465ED329EFC1AF999B /* Sources */ = {
			isa = PBXSourcesBuildPhase;
			buildActionMask = 2147483647;
			files = (
				4D31D96A323B0FE196075435 /* WatchHeartRateApp.swift in Sources */,
				1C14D62D409F117541C343FD /* WatchHeartRateManager.swift in Sources */,
				8C1B1DA9D20DE9FAA341220C /* WatchHeartRateView.swift in Sources */,
			);
			runOnlyForDeploymentPostprocessing = 0;
		};
/* End PBXSourcesBuildPhase section */

/* Begin PBXTargetDependency section */
		17BF17D33EB8CF564BBC5913 /* PBXTargetDependency */ = {
			isa = PBXTargetDependency;
			target = 85ACDB3D4F6921B4B01BDDD1 /* HeartWatchDemoWatchApp */;
			targetProxy = 79ABE80E0EBC404517968345 /* PBXContainerItemProxy */;
		};
/* End PBXTargetDependency section */

/* Begin XCBuildConfiguration section */
		107A22C235D85A1B7B93C5F2 /* Debug */ = {
			isa = XCBuildConfiguration;
			buildSettings = {
				ASSETCATALOG_COMPILER_APPICON_NAME = AppIcon;
				CODE_SIGN_ENTITLEMENTS = HeartWatchDemoWatchApp/HeartWatchDemoWatchApp.entitlements;
				GENERATE_INFOPLIST_FILE = YES;
				INFOPLIST_KEY_CFBundleDisplayName = HeartWatch;
				INFOPLIST_KEY_NSHealthShareUsageDescription = "This demo reads heart rate to drive a VR avatar.";
				INFOPLIST_KEY_WKApplication = YES;
				INFOPLIST_KEY_WKBackgroundModes = "workout-processing";
				INFOPLIST_KEY_WKCompanionAppBundleIdentifier = com.jeffrey.HeartWatchDemo;
				PRODUCT_BUNDLE_IDENTIFIER = com.jeffrey.HeartWatchDemo.watchkitapp;
				PRODUCT_NAME = HeartWatch;
				SDKROOT = watchos;
				SKIP_INSTALL = YES;
				TARGETED_DEVICE_FAMILY = 4;
				WATCHOS_DEPLOYMENT_TARGET = 9.0;
			};
			name = Debug;
		};
		15E39A2BEB1DF671982E0806 /* Debug */ = {
			isa = XCBuildConfiguration;
			buildSettings = {
				ASSETCATALOG_COMPILER_APPICON_NAME = AppIcon;
				CODE_SIGN_IDENTITY = "iPhone Developer";
				GENERATE_INFOPLIST_FILE = YES;
				INFOPLIST_KEY_CFBundleDisplayName = HeartWatch;
				INFOPLIST_KEY_NSAppTransportSecurity_NSAllowsArbitraryLoads = YES;
				INFOPLIST_KEY_NSLocalNetworkUsageDescription = "This demo connects to the local SQLite API on the Mac.";
				INFOPLIST_KEY_UIApplicationSceneManifest_Generation = YES;
				INFOPLIST_KEY_UIApplicationSupportsIndirectInputEvents = YES;
				IPHONEOS_DEPLOYMENT_TARGET = 16.0;
				LD_RUNPATH_SEARCH_PATHS = (
					"$(inherited)",
					"@executable_path/Frameworks",
				);
				PRODUCT_BUNDLE_IDENTIFIER = com.jeffrey.HeartWatchDemo;
				PRODUCT_NAME = HeartWatchDemo;
				SDKROOT = iphoneos;
				SUPPORTS_MACCATALYST = NO;
				TARGETED_DEVICE_FAMILY = 1;
			};
			name = Debug;
		};
		40D605C63CE0A350ECC39EB8 /* Debug */ = {
			isa = XCBuildConfiguration;
			buildSettings = {
				ALWAYS_SEARCH_USER_PATHS = NO;
				CLANG_ANALYZER_NONNULL = YES;
				CLANG_ANALYZER_NUMBER_OBJECT_CONVERSION = YES_AGGRESSIVE;
				CLANG_CXX_LANGUAGE_STANDARD = "gnu++14";
				CLANG_CXX_LIBRARY = "libc++";
				CLANG_ENABLE_MODULES = YES;
				CLANG_ENABLE_OBJC_ARC = YES;
				CLANG_ENABLE_OBJC_WEAK = YES;
				CLANG_WARN_BLOCK_CAPTURE_AUTORELEASING = YES;
				CLANG_WARN_BOOL_CONVERSION = YES;
				CLANG_WARN_COMMA = YES;
				CLANG_WARN_CONSTANT_CONVERSION = YES;
				CLANG_WARN_DEPRECATED_OBJC_IMPLEMENTATIONS = YES;
				CLANG_WARN_DIRECT_OBJC_ISA_USAGE = YES_ERROR;
				CLANG_WARN_DOCUMENTATION_COMMENTS = YES;
				CLANG_WARN_EMPTY_BODY = YES;
				CLANG_WARN_ENUM_CONVERSION = YES;
				CLANG_WARN_INFINITE_RECURSION = YES;
				CLANG_WARN_INT_CONVERSION = YES;
				CLANG_WARN_NON_LITERAL_NULL_CONVERSION = YES;
				CLANG_WARN_OBJC_IMPLICIT_RETAIN_SELF = YES;
				CLANG_WARN_OBJC_LITERAL_CONVERSION = YES;
				CLANG_WARN_OBJC_ROOT_CLASS = YES_ERROR;
				CLANG_WARN_QUOTED_INCLUDE_IN_FRAMEWORK_HEADER = YES;
				CLANG_WARN_RANGE_LOOP_ANALYSIS = YES;
				CLANG_WARN_STRICT_PROTOTYPES = YES;
				CLANG_WARN_SUSPICIOUS_MOVE = YES;
				CLANG_WARN_UNGUARDED_AVAILABILITY = YES_AGGRESSIVE;
				CLANG_WARN_UNREACHABLE_CODE = YES;
				CLANG_WARN__DUPLICATE_METHOD_MATCH = YES;
				CODE_SIGN_STYLE = Automatic;
				COPY_PHASE_STRIP = NO;
				CURRENT_PROJECT_VERSION = 1;
				DEBUG_INFORMATION_FORMAT = dwarf;
				DEVELOPMENT_TEAM = W9CMCJ9NYR;
				ENABLE_STRICT_OBJC_MSGSEND = YES;
				ENABLE_TESTABILITY = YES;
				GCC_C_LANGUAGE_STANDARD = gnu11;
				GCC_DYNAMIC_NO_PIC = NO;
				GCC_NO_COMMON_BLOCKS = YES;
				GCC_OPTIMIZATION_LEVEL = 0;
				GCC_PREPROCESSOR_DEFINITIONS = (
					"$(inherited)",
					"DEBUG=1",
				);
				GCC_WARN_64_TO_32_BIT_CONVERSION = YES;
				GCC_WARN_ABOUT_RETURN_TYPE = YES_ERROR;
				GCC_WARN_UNDECLARED_SELECTOR = YES;
				GCC_WARN_UNINITIALIZED_AUTOS = YES_AGGRESSIVE;
				GCC_WARN_UNUSED_FUNCTION = YES;
				GCC_WARN_UNUSED_VARIABLE = YES;
				IPHONEOS_DEPLOYMENT_TARGET = 16.0;
				MARKETING_VERSION = 0.1;
				MTL_ENABLE_DEBUG_INFO = INCLUDE_SOURCE;
				MTL_FAST_MATH = YES;
				ONLY_ACTIVE_ARCH = YES;
				PRODUCT_NAME = "$(TARGET_NAME)";
				SWIFT_ACTIVE_COMPILATION_CONDITIONS = DEBUG;
				SWIFT_OPTIMIZATION_LEVEL = "-Onone";
				SWIFT_VERSION = 5.0;
				WATCHOS_DEPLOYMENT_TARGET = 9.0;
			};
			name = Debug;
		};
		6B8DF5F587A52D44E58C3E8B /* Release */ = {
			isa = XCBuildConfiguration;
			buildSettings = {
				ALWAYS_SEARCH_USER_PATHS = NO;
				CLANG_ANALYZER_NONNULL = YES;
				CLANG_ANALYZER_NUMBER_OBJECT_CONVERSION = YES_AGGRESSIVE;
				CLANG_CXX_LANGUAGE_STANDARD = "gnu++14";
				CLANG_CXX_LIBRARY = "libc++";
				CLANG_ENABLE_MODULES = YES;
				CLANG_ENABLE_OBJC_ARC = YES;
				CLANG_ENABLE_OBJC_WEAK = YES;
				CLANG_WARN_BLOCK_CAPTURE_AUTORELEASING = YES;
				CLANG_WARN_BOOL_CONVERSION = YES;
				CLANG_WARN_COMMA = YES;
				CLANG_WARN_CONSTANT_CONVERSION = YES;
				CLANG_WARN_DEPRECATED_OBJC_IMPLEMENTATIONS = YES;
				CLANG_WARN_DIRECT_OBJC_ISA_USAGE = YES_ERROR;
				CLANG_WARN_DOCUMENTATION_COMMENTS = YES;
				CLANG_WARN_EMPTY_BODY = YES;
				CLANG_WARN_ENUM_CONVERSION = YES;
				CLANG_WARN_INFINITE_RECURSION = YES;
				CLANG_WARN_INT_CONVERSION = YES;
				CLANG_WARN_NON_LITERAL_NULL_CONVERSION = YES;
				CLANG_WARN_OBJC_IMPLICIT_RETAIN_SELF = YES;
				CLANG_WARN_OBJC_LITERAL_CONVERSION = YES;
				CLANG_WARN_OBJC_ROOT_CLASS = YES_ERROR;
				CLANG_WARN_QUOTED_INCLUDE_IN_FRAMEWORK_HEADER = YES;
				CLANG_WARN_RANGE_LOOP_ANALYSIS = YES;
				CLANG_WARN_STRICT_PROTOTYPES = YES;
				CLANG_WARN_SUSPICIOUS_MOVE = YES;
				CLANG_WARN_UNGUARDED_AVAILABILITY = YES_AGGRESSIVE;
				CLANG_WARN_UNREACHABLE_CODE = YES;
				CLANG_WARN__DUPLICATE_METHOD_MATCH = YES;
				CODE_SIGN_STYLE = Automatic;
				COPY_PHASE_STRIP = NO;
				CURRENT_PROJECT_VERSION = 1;
				DEBUG_INFORMATION_FORMAT = "dwarf-with-dsym";
				DEVELOPMENT_TEAM = W9CMCJ9NYR;
				ENABLE_NS_ASSERTIONS = NO;
				ENABLE_STRICT_OBJC_MSGSEND = YES;
				GCC_C_LANGUAGE_STANDARD = gnu11;
				GCC_NO_COMMON_BLOCKS = YES;
				GCC_WARN_64_TO_32_BIT_CONVERSION = YES;
				GCC_WARN_ABOUT_RETURN_TYPE = YES_ERROR;
				GCC_WARN_UNDECLARED_SELECTOR = YES;
				GCC_WARN_UNINITIALIZED_AUTOS = YES_AGGRESSIVE;
				GCC_WARN_UNUSED_FUNCTION = YES;
				GCC_WARN_UNUSED_VARIABLE = YES;
				IPHONEOS_DEPLOYMENT_TARGET = 16.0;
				MARKETING_VERSION = 0.1;
				MTL_ENABLE_DEBUG_INFO = NO;
				MTL_FAST_MATH = YES;
				PRODUCT_NAME = "$(TARGET_NAME)";
				SWIFT_COMPILATION_MODE = wholemodule;
				SWIFT_OPTIMIZATION_LEVEL = "-O";
				SWIFT_VERSION = 5.0;
				WATCHOS_DEPLOYMENT_TARGET = 9.0;
			};
			name = Release;
		};
		72D1D299B4860428DE24F176 /* Release */ = {
			isa = XCBuildConfiguration;
			buildSettings = {
				ASSETCATALOG_COMPILER_APPICON_NAME = AppIcon;
				CODE_SIGN_ENTITLEMENTS = HeartWatchDemoWatchApp/HeartWatchDemoWatchApp.entitlements;
				GENERATE_INFOPLIST_FILE = YES;
				INFOPLIST_KEY_CFBundleDisplayName = HeartWatch;
				INFOPLIST_KEY_NSHealthShareUsageDescription = "This demo reads heart rate to drive a VR avatar.";
				INFOPLIST_KEY_WKApplication = YES;
				INFOPLIST_KEY_WKBackgroundModes = "workout-processing";
				INFOPLIST_KEY_WKCompanionAppBundleIdentifier = com.jeffrey.HeartWatchDemo;
				PRODUCT_BUNDLE_IDENTIFIER = com.jeffrey.HeartWatchDemo.watchkitapp;
				PRODUCT_NAME = HeartWatch;
				SDKROOT = watchos;
				SKIP_INSTALL = YES;
				TARGETED_DEVICE_FAMILY = 4;
				WATCHOS_DEPLOYMENT_TARGET = 9.0;
			};
			name = Release;
		};
		7C3D8233952E5A49E30BC6E2 /* Release */ = {
			isa = XCBuildConfiguration;
			buildSettings = {
				ASSETCATALOG_COMPILER_APPICON_NAME = AppIcon;
				CODE_SIGN_IDENTITY = "iPhone Developer";
				GENERATE_INFOPLIST_FILE = YES;
				INFOPLIST_KEY_CFBundleDisplayName = HeartWatch;
				INFOPLIST_KEY_NSAppTransportSecurity_NSAllowsArbitraryLoads = YES;
				INFOPLIST_KEY_NSLocalNetworkUsageDescription = "This demo connects to the local SQLite API on the Mac.";
				INFOPLIST_KEY_UIApplicationSceneManifest_Generation = YES;
				INFOPLIST_KEY_UIApplicationSupportsIndirectInputEvents = YES;
				IPHONEOS_DEPLOYMENT_TARGET = 16.0;
				LD_RUNPATH_SEARCH_PATHS = (
					"$(inherited)",
					"@executable_path/Frameworks",
				);
				PRODUCT_BUNDLE_IDENTIFIER = com.jeffrey.HeartWatchDemo;
				PRODUCT_NAME = HeartWatchDemo;
				SDKROOT = iphoneos;
				SUPPORTS_MACCATALYST = NO;
				TARGETED_DEVICE_FAMILY = 1;
			};
			name = Release;
		};
/* End XCBuildConfiguration section */

/* Begin XCConfigurationList section */
		4395CDE21796F6DC1626E5BE /* Build configuration list for PBXProject "HeartWatchDemo" */ = {
			isa = XCConfigurationList;
			buildConfigurations = (
				40D605C63CE0A350ECC39EB8 /* Debug */,
				6B8DF5F587A52D44E58C3E8B /* Release */,
			);
			defaultConfigurationIsVisible = 0;
			defaultConfigurationName = Debug;
		};
		A48224C6AFD41351DF69D59B /* Build configuration list for PBXNativeTarget "HeartWatchDemo" */ = {
			isa = XCConfigurationList;
			buildConfigurations = (
				15E39A2BEB1DF671982E0806 /* Debug */,
				7C3D8233952E5A49E30BC6E2 /* Release */,
			);
			defaultConfigurationIsVisible = 0;
			defaultConfigurationName = Debug;
		};
		F35D14961A3CA960C0CB09FB /* Build configuration list for PBXNativeTarget "HeartWatchDemoWatchApp" */ = {
			isa = XCConfigurationList;
			buildConfigurations = (
				107A22C235D85A1B7B93C5F2 /* Debug */,
				72D1D299B4860428DE24F176 /* Release */,
			);
			defaultConfigurationIsVisible = 0;
			defaultConfigurationName = Debug;
		};
/* End XCConfigurationList section */
	};
	rootObject = B5AF76E03A2E4170B4CA5835 /* Project object */;
}
